// !$*UTF8*$!
{
	archiveVersion = 1;
	classes = {
	};
	objectVersion = 56;
	objects = {

/* Begin PBXBuildFile section */
		28E97F91B77F384FCB3157B1 /* Pods_Flix_FlixUITests.framework in Frameworks */ = {isa = PBXBuildFile; fileRef = 46AE5CD448F559B517E83C4E /* Pods_Flix_FlixUITests.framework */; };
		421A80E3AA7C9E65C545A884 /* Pods_Flix.framework in Frameworks */ = {isa = PBXBuildFile; fileRef = 4B384C09CDC310685B329937 /* Pods_Flix.framework */; };
		7092C3E3283F5C4AA467A32F /* Pods_FlixTests.framework in Frameworks */ = {isa = PBXBuildFile; fileRef = 2DEB5599BAA67F628A13049C /* Pods_FlixTests.framework */; };
		96223B1F28D5514600DEC8FD /* AppDelegate.swift in Sources */ = {isa = PBXBuildFile; fileRef = 96223B1E28D5514600DEC8FD /* AppDelegate.swift */; };
		96223B2128D5514600DEC8FD /* SceneDelegate.swift in Sources */ = {isa = PBXBuildFile; fileRef = 96223B2028D5514600DEC8FD /* SceneDelegate.swift */; };
		96223B2328D5514600DEC8FD /* ViewController.swift in Sources */ = {isa = PBXBuildFile; fileRef = 96223B2228D5514600DEC8FD /* ViewController.swift */; };
		96223B2628D5514600DEC8FD /* Main.storyboard in Resources */ = {isa = PBXBuildFile; fileRef = 96223B2428D5514600DEC8FD /* Main.storyboard */; };
		96223B2828D5514600DEC8FD /* Assets.xcassets in Resources */ = {isa = PBXBuildFile; fileRef = 96223B2728D5514600DEC8FD /* Assets.xcassets */; };
		96223B2B28D5514600DEC8FD /* LaunchScreen.storyboard in Resources */ = {isa = PBXBuildFile; fileRef = 96223B2928D5514600DEC8FD /* LaunchScreen.storyboard */; };
		96223B3628D5514700DEC8FD /* FlixTests.swift in Sources */ = {isa = PBXBuildFile; fileRef = 96223B3528D5514700DEC8FD /* FlixTests.swift */; };
		96223B4028D5514700DEC8FD /* FlixUITests.swift in Sources */ = {isa = PBXBuildFile; fileRef = 96223B3F28D5514700DEC8FD /* FlixUITests.swift */; };
		96223B4228D5514700DEC8FD /* FlixUITestsLaunchTests.swift in Sources */ = {isa = PBXBuildFile; fileRef = 96223B4128D5514700DEC8FD /* FlixUITestsLaunchTests.swift */; };
		96223B4F28D5668500DEC8FD /* MovieCell.swift in Sources */ = {isa = PBXBuildFile; fileRef = 96223B4E28D5668500DEC8FD /* MovieCell.swift */; };
		96FFCEA928DD435A0078393A /* DetailViewController.swift in Sources */ = {isa = PBXBuildFile; fileRef = 96FFCEA828DD435A0078393A /* DetailViewController.swift */; };
		96FFCEAB28DE414A0078393A /* GridViewController.swift in Sources */ = {isa = PBXBuildFile; fileRef = 96FFCEAA28DE414A0078393A /* GridViewController.swift */; };
		96FFCEAD28DEBD310078393A /* MovieGridCell.swift in Sources */ = {isa = PBXBuildFile; fileRef = 96FFCEAC28DEBD310078393A /* MovieGridCell.swift */; };
		96FFCEAF28DEC8A90078393A /* GridDetailViewController.swift in Sources */ = {isa = PBXBuildFile; fileRef = 96FFCEAE28DEC8A90078393A /* GridDetailViewController.swift */; };
		96FFCEB128DECBD90078393A /* TrailerViewController.swift in Sources */ = {isa = PBXBuildFile; fileRef = 96FFCEB028DECBD90078393A /* TrailerViewController.swift */; };
/* End PBXBuildFile section */

/* Begin PBXContainerItemProxy section */
		96223B3228D5514600DEC8FD /* PBXContainerItemProxy */ = {
			isa = PBXContainerItemProxy;
			containerPortal = 96223B1328D5514600DEC8FD /* Project object */;
			proxyType = 1;
			remoteGlobalIDString = 96223B1A28D5514600DEC8FD;
			remoteInfo = Flix;
		};
		96223B3C28D5514700DEC8FD /* PBXContainerItemProxy */ = {
			isa = PBXContainerItemProxy;
			containerPortal = 96223B1328D5514600DEC8FD /* Project object */;
			proxyType = 1;
			remoteGlobalIDString = 96223B1A28D5514600DEC8FD;
			remoteInfo = Flix;
		};
/* End PBXContainerItemProxy section */

/* Begin PBXFileReference section */
		2DEB5599BAA67F628A13049C /* Pods_FlixTests.framework */ = {isa = PBXFileReference; explicitFileType = wrapper.framework; includeInIndex = 0; path = Pods_FlixTests.framework; sourceTree = BUILT_PRODUCTS_DIR; };
		2E7D35E5F2EDF9CA1B406671 /* Pods-Flix.release.xcconfig */ = {isa = PBXFileReference; includeInIndex = 1; lastKnownFileType = text.xcconfig; name = "Pods-Flix.release.xcconfig"; path = "Target Support Files/Pods-Flix/Pods-Flix.release.xcconfig"; sourceTree = "<group>"; };
		46AE5CD448F559B517E83C4E /* Pods_Flix_FlixUITests.framework */ = {isa = PBXFileReference; explicitFileType = wrapper.framework; includeInIndex = 0; path = Pods_Flix_FlixUITests.framework; sourceTree = BUILT_PRODUCTS_DIR; };
		4B384C09CDC310685B329937 /* Pods_Flix.framework */ = {isa = PBXFileReference; explicitFileType = wrapper.framework; includeInIndex = 0; path = Pods_Flix.framework; sourceTree = BUILT_PRODUCTS_DIR; };
		65938A4A3EEF5AFDE8FB7793 /* Pods-Flix-FlixUITests.release.xcconfig */ = {isa = PBXFileReference; includeInIndex = 1; lastKnownFileType = text.xcconfig; name = "Pods-Flix-FlixUITests.release.xcconfig"; path = "Target Support Files/Pods-Flix-FlixUITests/Pods-Flix-FlixUITests.release.xcconfig"; sourceTree = "<group>"; };
		7F34C8D4D7C5742058FCC3B4 /* Pods-Flix-FlixUITests.debug.xcconfig */ = {isa = PBXFileReference; includeInIndex = 1; lastKnownFileType = text.xcconfig; name = "Pods-Flix-FlixUITests.debug.xcconfig"; path = "Target Support Files/Pods-Flix-FlixUITests/Pods-Flix-FlixUITests.debug.xcconfig"; sourceTree = "<group>"; };
		96223B1B28D5514600DEC8FD /* Flix.app */ = {isa = PBXFileReference; explicitFileType = wrapper.application; includeInIndex = 0; path = Flix.app; sourceTree = BUILT_PRODUCTS_DIR; };
		96223B1E28D5514600DEC8FD /* AppDelegate.swift */ = {isa = PBXFileReference; lastKnownFileType = sourcecode.swift; path = AppDelegate.swift; sourceTree = "<group>"; };
		96223B2028D5514600DEC8FD /* SceneDelegate.swift */ = {isa = PBXFileReference; lastKnownFileType = sourcecode.swift; path = SceneDelegate.swift; sourceTree = "<group>"; };
		96223B2228D5514600DEC8FD /* ViewController.swift */ = {isa = PBXFileReference; lastKnownFileType = sourcecode.swift; path = ViewController.swift; sourceTree = "<group>"; };
		96223B2528D5514600DEC8FD /* Base */ = {isa = PBXFileReference; lastKnownFileType = file.storyboard; name = Base; path = Base.lproj/Main.storyboard; sourceTree = "<group>"; };
		96223B2728D5514600DEC8FD /* Assets.xcassets */ = {isa = PBXFileReference; lastKnownFileType = folder.assetcatalog; path = Assets.xcassets; sourceTree = "<group>"; };
		96223B2A28D5514600DEC8FD /* Base */ = {isa = PBXFileReference; lastKnownFileType = file.storyboard; name = Base; path = Base.lproj/LaunchScreen.storyboard; sourceTree = "<group>"; };
		96223B2C28D5514600DEC8FD /* Info.plist */ = {isa = PBXFileReference; lastKnownFileType = text.plist.xml; path = Info.plist; sourceTree = "<group>"; };
		96223B3128D5514600DEC8FD /* FlixTests.xctest */ = {isa = PBXFileReference; explicitFileType = wrapper.cfbundle; includeInIndex = 0; path = FlixTests.xctest; sourceTree = BUILT_PRODUCTS_DIR; };
		96223B3528D5514700DEC8FD /* FlixTests.swift */ = {isa = PBXFileReference; lastKnownFileType = sourcecode.swift; path = FlixTests.swift; sourceTree = "<group>"; };
		96223B3B28D5514700DEC8FD /* FlixUITests.xctest */ = {isa = PBXFileReference; explicitFileType = wrapper.cfbundle; includeInIndex = 0; path = FlixUITests.xctest; sourceTree = BUILT_PRODUCTS_DIR; };
		96223B3F28D5514700DEC8FD /* FlixUITests.swift */ = {isa = PBXFileReference; lastKnownFileType = sourcecode.swift; path = FlixUITests.swift; sourceTree = "<group>"; };
		96223B4128D5514700DEC8FD /* FlixUITestsLaunchTests.swift */ = {isa = PBXFileReference; lastKnownFileType = sourcecode.swift; path = FlixUITestsLaunchTests.swift; sourceTree = "<group>"; };
		96223B4E28D5668500DEC8FD /* MovieCell.swift */ = {isa = PBXFileReference; lastKnownFileType = sourcecode.swift; path = MovieCell.swift; sourceTree = "<group>"; };
		96FFCEA828DD435A0078393A /* DetailViewController.swift */ = {isa = PBXFileReference; lastKnownFileType = sourcecode.swift; path = DetailViewController.swift; sourceTree = "<group>"; };
		96FFCEAA28DE414A0078393A /* GridViewController.swift */ = {isa = PBXFileReference; lastKnownFileType = sourcecode.swift; path = GridViewController.swift; sourceTree = "<group>"; };
		96FFCEAC28DEBD310078393A /* MovieGridCell.swift */ = {isa = PBXFileReference; lastKnownFileType = sourcecode.swift; path = MovieGridCell.swift; sourceTree = "<group>"; };
		96FFCEAE28DEC8A90078393A /* GridDetailViewController.swift */ = {isa = PBXFileReference; lastKnownFileType = sourcecode.swift; path = GridDetailViewController.swift; sourceTree = "<group>"; };
		96FFCEB028DECBD90078393A /* TrailerViewController.swift */ = {isa = PBXFileReference; lastKnownFileType = sourcecode.swift; path = TrailerViewController.swift; sourceTree = "<group>"; };
		B6386B308439550CFB809BA4 /* Pods-FlixTests.release.xcconfig */ = {isa = PBXFileReference; includeInIndex = 1; lastKnownFileType = text.xcconfig; name = "Pods-FlixTests.release.xcconfig"; path = "Target Support Files/Pods-FlixTests/Pods-FlixTests.release.xcconfig"; sourceTree = "<group>"; };
		C39E1373915181BBD3FBBA00 /* Pods-FlixTests.debug.xcconfig */ = {isa = PBXFileReference; includeInIndex = 1; lastKnownFileType = text.xcconfig; name = "Pods-FlixTests.debug.xcconfig"; path = "Target Support Files/Pods-FlixTests/Pods-FlixTests.debug.xcconfig"; sourceTree = "<group>"; };
		FE7342C7B1F199AC84CDA1C3 /* Pods-Flix.debug.xcconfig */ = {isa = PBXFileReference; includeInIndex = 1; lastKnownFileType = text.xcconfig; name = "Pods-Flix.debug.xcconfig"; path = "Target Support Files/Pods-Flix/Pods-Flix.debug.xcconfig"; sourceTree = "<group>"; };
/* End PBXFileReference section */

/* Begin PBXFrameworksBuildPhase section */
		96223B1828D5514600DEC8FD /* Frameworks */ = {
			isa = PBXFrameworksBuildPhase;
			buildActionMask = 2147483647;
			files = (
				421A80E3AA7C9E65C545A884 /* Pods_Flix.framework in Frameworks */,
			);
			runOnlyForDeploymentPostprocessing = 0;
		};
		96223B2E28D5514600DEC8FD /* Frameworks */ = {
			isa = PBXFrameworksBuildPhase;
			buildActionMask = 2147483647;
			files = (
				7092C3E3283F5C4AA467A32F /* Pods_FlixTests.framework in Frameworks */,
			);
			runOnlyForDeploymentPostprocessing = 0;
		};
		96223B3828D5514700DEC8FD /* Frameworks */ = {
			isa = PBXFrameworksBuildPhase;
			buildActionMask = 2147483647;
			files = (
				28E97F91B77F384FCB3157B1 /* Pods_Flix_FlixUITests.framework in Frameworks */,
			);
			runOnlyForDeploymentPostprocessing = 0;
		};
/* End PBXFrameworksBuildPhase section */

/* Begin PBXGroup section */
		24D2E49044B90A2E38744EAB /* Frameworks */ = {
			isa = PBXGroup;
			children = (
				4B384C09CDC310685B329937 /* Pods_Flix.framework */,
				46AE5CD448F559B517E83C4E /* Pods_Flix_FlixUITests.framework */,
				2DEB5599BAA67F628A13049C /* Pods_FlixTests.framework */,
			);
			name = Frameworks;
			sourceTree = "<group>";
		};
		3B1ADFEAB03E901D063119B2 /* Pods */ = {
			isa = PBXGroup;
			children = (
				FE7342C7B1F199AC84CDA1C3 /* Pods-Flix.debug.xcconfig */,
				2E7D35E5F2EDF9CA1B406671 /* Pods-Flix.release.xcconfig */,
				7F34C8D4D7C5742058FCC3B4 /* Pods-Flix-FlixUITests.debug.xcconfig */,
				65938A4A3EEF5AFDE8FB7793 /* Pods-Flix-FlixUITests.release.xcconfig */,
				C39E1373915181BBD3FBBA00 /* Pods-FlixTests.debug.xcconfig */,
				B6386B308439550CFB809BA4 /* Pods-FlixTests.release.xcconfig */,
			);
			path = Pods;
			sourceTree = "<group>";
		};
		96223B1228D5514600DEC8FD = {
			isa = PBXGroup;
			children = (
				96223B1D28D5514600DEC8FD /* Flix */,
				96223B3428D5514600DEC8FD /* FlixTests */,
				96223B3E28D5514700DEC8FD /* FlixUITests */,
				96223B1C28D5514600DEC8FD /* Products */,
				3B1ADFEAB03E901D063119B2 /* Pods */,
				24D2E49044B90A2E38744EAB /* Frameworks */,
			);
			sourceTree = "<group>";
		};
		96223B1C28D5514600DEC8FD /* Products */ = {
			isa = PBXGroup;
			children = (
				96223B1B28D5514600DEC8FD /* Flix.app */,
				96223B3128D5514600DEC8FD /* FlixTests.xctest */,
				96223B3B28D5514700DEC8FD /* FlixUITests.xctest */,
			);
			name = Products;
			sourceTree = "<group>";
		};
		96223B1D28D5514600DEC8FD /* Flix */ = {
			isa = PBXGroup;
			children = (
				96223B1E28D5514600DEC8FD /* AppDelegate.swift */,
				96223B2028D5514600DEC8FD /* SceneDelegate.swift */,
				96223B2228D5514600DEC8FD /* ViewController.swift */,
				96FFCEA828DD435A0078393A /* DetailViewController.swift */,
				96FFCEAA28DE414A0078393A /* GridViewController.swift */,
				96FFCEAE28DEC8A90078393A /* GridDetailViewController.swift */,
				96FFCEB028DECBD90078393A /* TrailerViewController.swift */,
				96223B2428D5514600DEC8FD /* Main.storyboard */,
				96223B2728D5514600DEC8FD /* Assets.xcassets */,
				96223B2928D5514600DEC8FD /* LaunchScreen.storyboard */,
				96223B2C28D5514600DEC8FD /* Info.plist */,
				96223B4E28D5668500DEC8FD /* MovieCell.swift */,
				96FFCEAC28DEBD310078393A /* MovieGridCell.swift */,
			);
			path = Flix;
			sourceTree = "<group>";
		};
		96223B3428D5514600DEC8FD /* FlixTests */ = {
			isa = PBXGroup;
			children = (
				96223B3528D5514700DEC8FD /* FlixTests.swift */,
			);
			path = FlixTests;
			sourceTree = "<group>";
		};
		96223B3E28D5514700DEC8FD /* FlixUITests */ = {
			isa = PBXGroup;
			children = (
				96223B3F28D5514700DEC8FD /* FlixUITests.swift */,
				96223B4128D5514700DEC8FD /* FlixUITestsLaunchTests.swift */,
			);
			path = FlixUITests;
			sourceTree = "<group>";
		};
/* End PBXGroup section */

/* Begin PBXNativeTarget section */
		96223B1A28D5514600DEC8FD /* Flix */ = {
			isa = PBXNativeTarget;
			buildConfigurationList = 96223B4528D5514700DEC8FD /* Build configuration list for PBXNativeTarget "Flix" */;
			buildPhases = (
				AD482E2CD077AFDF171C5E4B /* [CP] Check Pods Manifest.lock */,
				96223B1728D5514600DEC8FD /* Sources */,
				96223B1828D5514600DEC8FD /* Frameworks */,
				96223B1928D5514600DEC8FD /* Resources */,
				8FE838B2FAFB0E11156AF3D2 /* [CP] Embed Pods Frameworks */,
			);
			buildRules = (
			);
			dependencies = (
			);
			name = Flix;
			productName = Flix;
			productReference = 96223B1B28D5514600DEC8FD /* Flix.app */;
			productType = "com.apple.product-type.application";
		};
		96223B3028D5514600DEC8FD /* FlixTests */ = {
			isa = PBXNativeTarget;
			buildConfigurationList = 96223B4828D5514700DEC8FD /* Build configuration list for PBXNativeTarget "FlixTests" */;
			buildPhases = (
				71D89F11C13CD5295F63B026 /* [CP] Check Pods Manifest.lock */,
				96223B2D28D5514600DEC8FD /* Sources */,
				96223B2E28D5514600DEC8FD /* Frameworks */,
				96223B2F28D5514600DEC8FD /* Resources */,
			);
			buildRules = (
			);
			dependencies = (
				96223B3328D5514600DEC8FD /* PBXTargetDependency */,
			);
			name = FlixTests;
			productName = FlixTests;
			productReference = 96223B3128D5514600DEC8FD /* FlixTests.xctest */;
			productType = "com.apple.product-type.bundle.unit-test";
		};
		96223B3A28D5514700DEC8FD /* FlixUITests */ = {
			isa = PBXNativeTarget;
			buildConfigurationList = 96223B4B28D5514700DEC8FD /* Build configuration list for PBXNativeTarget "FlixUITests" */;
			buildPhases = (
				BF8E511EDE99BE086618DFA3 /* [CP] Check Pods Manifest.lock */,
				96223B3728D5514700DEC8FD /* Sources */,
				96223B3828D5514700DEC8FD /* Frameworks */,
				96223B3928D5514700DEC8FD /* Resources */,
				F7CE502D66A971623890FF8D /* [CP] Embed Pods Frameworks */,
			);
			buildRules = (
			);
			dependencies = (
				96223B3D28D5514700DEC8FD /* PBXTargetDependency */,
			);
			name = FlixUITests;
			productName = FlixUITests;
			productReference = 96223B3B28D5514700DEC8FD /* FlixUITests.xctest */;
			productType = "com.apple.product-type.bundle.ui-testing";
		};
/* End PBXNativeTarget section */

/* Begin PBXProject section */
		96223B1328D5514600DEC8FD /* Project object */ = {
			isa = PBXProject;
			attributes = {
				BuildIndependentTargetsInParallel = 1;
				LastSwiftUpdateCheck = 1400;
				LastUpgradeCheck = 1400;
				TargetAttributes = {
					96223B1A28D5514600DEC8FD = {
						CreatedOnToolsVersion = 14.0;
						LastSwiftMigration = 1400;
					};
					96223B3028D5514600DEC8FD = {
						CreatedOnToolsVersion = 14.0;
						TestTargetID = 96223B1A28D5514600DEC8FD;
					};
					96223B3A28D5514700DEC8FD = {
						CreatedOnToolsVersion = 14.0;
						TestTargetID = 96223B1A28D5514600DEC8FD;
					};
				};
			};
			buildConfigurationList = 96223B1628D5514600DEC8FD /* Build configuration list for PBXProject "Flix" */;
			compatibilityVersion = "Xcode 14.0";
			developmentRegion = en;
			hasScannedForEncodings = 0;
			knownRegions = (
				en,
				Base,
			);
			mainGroup = 96223B1228D5514600DEC8FD;
			productRefGroup = 96223B1C28D5514600DEC8FD /* Products */;
			projectDirPath = "";
			projectRoot = "";
			targets = (
				96223B1A28D5514600DEC8FD /* Flix */,
				96223B3028D5514600DEC8FD /* FlixTests */,
				96223B3A28D5514700DEC8FD /* FlixUITests */,
			);
		};
/* End PBXProject section */

/* Begin PBXResourcesBuildPhase section */
		96223B1928D5514600DEC8FD /* Resources */ = {
			isa = PBXResourcesBuildPhase;
			buildActionMask = 2147483647;
			files = (
				96223B2B28D5514600DEC8FD /* LaunchScreen.storyboard in Resources */,
				96223B2828D5514600DEC8FD /* Assets.xcassets in Resources */,
				96223B2628D5514600DEC8FD /* Main.storyboard in Resources */,
			);
			runOnlyForDeploymentPostprocessing = 0;
		};
		96223B2F28D5514600DEC8FD /* Resources */ = {
			isa = PBXResourcesBuildPhase;
			buildActionMask = 2147483647;
			files = (
			);
			runOnlyForDeploymentPostprocessing = 0;
		};
		96223B3928D5514700DEC8FD /* Resources */ = {
			isa = PBXResourcesBuildPhase;
			buildActionMask = 2147483647;
			files = (
			);
			runOnlyForDeploymentPostprocessing = 0;
		};
/* End PBXResourcesBuildPhase section */

/* Begin PBXShellScriptBuildPhase section */
		71D89F11C13CD5295F63B026 /* [CP] Check Pods Manifest.lock */ = {
			isa = PBXShellScriptBuildPhase;
			buildActionMask = 2147483647;
			files = (
			);
			inputFileListPaths = (
			);
			inputPaths = (
				"${PODS_PODFILE_DIR_PATH}/Podfile.lock",
				"${PODS_ROOT}/Manifest.lock",
			);
			name = "[CP] Check Pods Manifest.lock";
			outputFileListPaths = (
			);
			outputPaths = (
				"$(DERIVED_FILE_DIR)/Pods-FlixTests-checkManifestLockResult.txt",
			);
			runOnlyForDeploymentPostprocessing = 0;
			shellPath = /bin/sh;
			shellScript = "diff \"${PODS_PODFILE_DIR_PATH}/Podfile.lock\" \"${PODS_ROOT}/Manifest.lock\" > /dev/null\nif [ $? != 0 ] ; then\n    # print error to STDERR\n    echo \"error: The sandbox is not in sync with the Podfile.lock. Run 'pod install' or update your CocoaPods installation.\" >&2\n    exit 1\nfi\n# This output is used by Xcode 'outputs' to avoid re-running this script phase.\necho \"SUCCESS\" > \"${SCRIPT_OUTPUT_FILE_0}\"\n";
			showEnvVarsInLog = 0;
		};
		8FE838B2FAFB0E11156AF3D2 /* [CP] Embed Pods Frameworks */ = {
			isa = PBXShellScriptBuildPhase;
			buildActionMask = 2147483647;
			files = (
			);
			inputFileListPaths = (
				"${PODS_ROOT}/Target Support Files/Pods-Flix/Pods-Flix-frameworks-${CONFIGURATION}-input-files.xcfilelist",
			);
			name = "[CP] Embed Pods Frameworks";
			outputFileListPaths = (
				"${PODS_ROOT}/Target Support Files/Pods-Flix/Pods-Flix-frameworks-${CONFIGURATION}-output-files.xcfilelist",
			);
			runOnlyForDeploymentPostprocessing = 0;
			shellPath = /bin/sh;
			shellScript = "\"${PODS_ROOT}/Target Support Files/Pods-Flix/Pods-Flix-frameworks.sh\"\n";
			showEnvVarsInLog = 0;
		};
		AD482E2CD077AFDF171C5E4B /* [CP] Check Pods Manifest.lock */ = {
			isa = PBXShellScriptBuildPhase;
			buildActionMask = 2147483647;
			files = (
			);
			inputFileListPaths = (
			);
			inputPaths = (
				"${PODS_PODFILE_DIR_PATH}/Podfile.lock",
				"${PODS_ROOT}/Manifest.lock",
			);
			name = "[CP] Check Pods Manifest.lock";
			outputFileListPaths = (
			);
			outputPaths = (
				"$(DERIVED_FILE_DIR)/Pods-Flix-checkManifestLockResult.txt",
			);
			runOnlyForDeploymentPostprocessing = 0;
			shellPath = /bin/sh;
			shellScript = "diff \"${PODS_PODFILE_DIR_PATH}/Podfile.lock\" \"${PODS_ROOT}/Manifest.lock\" > /dev/null\nif [ $? != 0 ] ; then\n    # print error to STDERR\n    echo \"error: The sandbox is not in sync with the Podfile.lock. Run 'pod install' or update your CocoaPods installation.\" >&2\n    exit 1\nfi\n# This output is used by Xcode 'outputs' to avoid re-running this script phase.\necho \"SUCCESS\" > \"${SCRIPT_OUTPUT_FILE_0}\"\n";
			showEnvVarsInLog = 0;
		};
		BF8E511EDE99BE086618DFA3 /* [CP] Check Pods Manifest.lock */ = {
			isa = PBXShellScriptBuildPhase;
			buildActionMask = 2147483647;
			files = (
			);
			inputFileListPaths = (
			);
			inputPaths = (
				"${PODS_PODFILE_DIR_PATH}/Podfile.lock",
				"${PODS_ROOT}/Manifest.lock",
			);
			name = "[CP] Check Pods Manifest.lock";
			outputFileListPaths = (
			);
			outputPaths = (
				"$(DERIVED_FILE_DIR)/Pods-Flix-FlixUITests-checkManifestLockResult.txt",
			);
			runOnlyForDeploymentPostprocessing = 0;
			shellPath = /bin/sh;
			shellScript = "diff \"${PODS_PODFILE_DIR_PATH}/Podfile.lock\" \"${PODS_ROOT}/Manifest.lock\" > /dev/null\nif [ $? != 0 ] ; then\n    # print error to STDERR\n    echo \"error: The sandbox is not in sync with the Podfile.lock. Run 'pod install' or update your CocoaPods installation.\" >&2\n    exit 1\nfi\n# This output is used by Xcode 'outputs' to avoid re-running this script phase.\necho \"SUCCESS\" > \"${SCRIPT_OUTPUT_FILE_0}\"\n";
			showEnvVarsInLog = 0;
		};
		F7CE502D66A971623890FF8D /* [CP] Embed Pods Frameworks */ = {
			isa = PBXShellScriptBuildPhase;
			buildActionMask = 2147483647;
			files = (
			);
			inputFileListPaths = (
				"${PODS_ROOT}/Target Support Files/Pods-Flix-FlixUITests/Pods-Flix-FlixUITests-frameworks-${CONFIGURATION}-input-files.xcfilelist",
			);
			name = "[CP] Embed Pods Frameworks";
			outputFileListPaths = (
				"${PODS_ROOT}/Target Support Files/Pods-Flix-FlixUITests/Pods-Flix-FlixUITests-frameworks-${CONFIGURATION}-output-files.xcfilelist",
			);
			runOnlyForDeploymentPostprocessing = 0;
			shellPath = /bin/sh;
			shellScript = "\"${PODS_ROOT}/Target Support Files/Pods-Flix-FlixUITests/Pods-Flix-FlixUITests-frameworks.sh\"\n";
			showEnvVarsInLog = 0;
		};
/* End PBXShellScriptBuildPhase section */

/* Begin PBXSourcesBuildPhase section */
		96223B1728D5514600DEC8FD /* Sources */ = {
			isa = PBXSourcesBuildPhase;
			buildActionMask = 2147483647;
			files = (
				96223B2328D5514600DEC8FD /* ViewController.swift in Sources */,
				96FFCEAF28DEC8A90078393A /* GridDetailViewController.swift in Sources */,
				96223B1F28D5514600DEC8FD /* AppDelegate.swift in Sources */,
				96FFCEAB28DE414A0078393A /* GridViewController.swift in Sources */,
				96FFCEA928DD435A0078393A /* DetailViewController.swift in Sources */,
				96223B4F28D5668500DEC8FD /* MovieCell.swift in Sources */,
				96223B2128D5514600DEC8FD /* SceneDelegate.swift in Sources */,
				96FFCEAD28DEBD310078393A /* MovieGridCell.swift in Sources */,
				96FFCEB128DECBD90078393A /* TrailerViewController.swift in Sources */,
			);
			runOnlyForDeploymentPostprocessing = 0;
		};
		96223B2D28D5514600DEC8FD /* Sources */ = {
			isa = PBXSourcesBuildPhase;
			buildActionMask = 2147483647;
			files = (
				96223B3628D5514700DEC8FD /* FlixTests.swift in Sources */,
			);
			runOnlyForDeploymentPostprocessing = 0;
		};
		96223B3728D5514700DEC8FD /* Sources */ = {
			isa = PBXSourcesBuildPhase;
			buildActionMask = 2147483647;
			files = (
				96223B4028D5514700DEC8FD /* FlixUITests.swift in Sources */,
				96223B4228D5514700DEC8FD /* FlixUITestsLaunchTests.swift in Sources */,
			);
			runOnlyForDeploymentPostprocessing = 0;
		};
/* End PBXSourcesBuildPhase section */

/* Begin PBXTargetDependency section */
		96223B3328D5514600DEC8FD /* PBXTargetDependency */ = {
			isa = PBXTargetDependency;
			target = 96223B1A28D5514600DEC8FD /* Flix */;
			targetProxy = 96223B3228D5514600DEC8FD /* PBXContainerItemProxy */;
		};
		96223B3D28D5514700DEC8FD /* PBXTargetDependency */ = {
			isa = PBXTargetDependency;
			target = 96223B1A28D5514600DEC8FD /* Flix */;
			targetProxy = 96223B3C28D5514700DEC8FD /* PBXContainerItemProxy */;
		};
/* End PBXTargetDependency section */

/* Begin PBXVariantGroup section */
		96223B2428D5514600DEC8FD /* Main.storyboard */ = {
			isa = PBXVariantGroup;
			children = (
				96223B2528D5514600DEC8FD /* Base */,
			);
			name = Main.storyboard;
			sourceTree = "<group>";
		};
		96223B2928D5514600DEC8FD /* LaunchScreen.storyboard */ = {
			isa = PBXVariantGroup;
			children = (
				96223B2A28D5514600DEC8FD /* Base */,
			);
			name = LaunchScreen.storyboard;
			sourceTree = "<group>";
		};
/* End PBXVariantGroup section */

/* Begin XCBuildConfiguration section */
		96223B4328D5514700DEC8FD /* Debug */ = {
			isa = XCBuildConfiguration;
			buildSettings = {
				ALWAYS_SEARCH_USER_PATHS = NO;
				CLANG_ANALYZER_NONNULL = YES;
				CLANG_ANALYZER_NUMBER_OBJECT_CONVERSION = YES_AGGRESSIVE;
				CLANG_CXX_LANGUAGE_STANDARD = "gnu++20";
				CLANG_ENABLE_MODULES = YES;
				CLANG_ENABLE_OBJC_ARC = YES;
				CLANG_ENABLE_OBJC_WEAK = YES;
				CLANG_WARN_BLOCK_CAPTURE_AUTORELEASING = YES;
				CLANG_WARN_BOOL_CONVERSION = YES;
				CLANG_WARN_COMMA = YES;
				CLANG_WARN_CONSTANT_CONVERSION = YES;
				CLANG_WARN_DEPRECATED_OBJC_IMPLEMENTATIONS = YES;
				CLANG_WARN_DIRECT_OBJC_ISA_USAGE = YES_ERROR;
				CLANG_WARN_DOCUMENTATION_COMMENTS = YES;
				CLANG_WARN_EMPTY_BODY = YES;
				CLANG_WARN_ENUM_CONVERSION = YES;
				CLANG_WARN_INFINITE_RECURSION = YES;
				CLANG_WARN_INT_CONVERSION = YES;
				CLANG_WARN_NON_LITERAL_NULL_CONVERSION = YES;
				CLANG_WARN_OBJC_IMPLICIT_RETAIN_SELF = YES;
				CLANG_WARN_OBJC_LITERAL_CONVERSION = YES;
				CLANG_WARN_OBJC_ROOT_CLASS = YES_ERROR;
				CLANG_WARN_QUOTED_INCLUDE_IN_FRAMEWORK_HEADER = YES;
				CLANG_WARN_RANGE_LOOP_ANALYSIS = YES;
				CLANG_WARN_STRICT_PROTOTYPES = YES;
				CLANG_WARN_SUSPICIOUS_MOVE = YES;
				CLANG_WARN_UNGUARDED_AVAILABILITY = YES_AGGRESSIVE;
				CLANG_WARN_UNREACHABLE_CODE = YES;
				CLANG_WARN__DUPLICATE_METHOD_MATCH = YES;
				COPY_PHASE_STRIP = NO;
				DEBUG_INFORMATION_FORMAT = dwarf;
				ENABLE_STRICT_OBJC_MSGSEND = YES;
				ENABLE_TESTABILITY = YES;
				GCC_C_LANGUAGE_STANDARD = gnu11;
				GCC_DYNAMIC_NO_PIC = NO;
				GCC_NO_COMMON_BLOCKS = YES;
				GCC_OPTIMIZATION_LEVEL = 0;
				GCC_PREPROCESSOR_DEFINITIONS = (
					"DEBUG=1",
					"$(inherited)",
				);
				GCC_WARN_64_TO_32_BIT_CONVERSION = YES;
				GCC_WARN_ABOUT_RETURN_TYPE = YES_ERROR;
				GCC_WARN_UNDECLARED_SELECTOR = YES;
				GCC_WARN_UNINITIALIZED_AUTOS = YES_AGGRESSIVE;
				GCC_WARN_UNUSED_FUNCTION = YES;
				GCC_WARN_UNUSED_VARIABLE = YES;
				IPHONEOS_DEPLOYMENT_TARGET = 16.0;
				MTL_ENABLE_DEBUG_INFO = INCLUDE_SOURCE;
				MTL_FAST_MATH = YES;
				ONLY_ACTIVE_ARCH = YES;
				SDKROOT = iphoneos;
				SWIFT_ACTIVE_COMPILATION_CONDITIONS = DEBUG;
				SWIFT_OPTIMIZATION_LEVEL = "-Onone";
			};
			name = Debug;
		};
		96223B4428D5514700DEC8FD /* Release */ = {
			isa = XCBuildConfiguration;
			buildSettings = {
				ALWAYS_SEARCH_USER_PATHS = NO;
				CLANG_ANALYZER_NONNULL = YES;
				CLANG_ANALYZER_NUMBER_OBJECT_CONVERSION = YES_AGGRESSIVE;
				CLANG_CXX_LANGUAGE_STANDARD = "gnu++20";
				CLANG_ENABLE_MODULES = YES;
				CLANG_ENABLE_OBJC_ARC = YES;
				CLANG_ENABLE_OBJC_WEAK = YES;
				CLANG_WARN_BLOCK_CAPTURE_AUTORELEASING = YES;
				CLANG_WARN_BOOL_CONVERSION = YES;
				CLANG_WARN_COMMA = YES;
				CLANG_WARN_CONSTANT_CONVERSION = YES;
				CLANG_WARN_DEPRECATED_OBJC_IMPLEMENTATIONS = YES;
				CLANG_WARN_DIRECT_OBJC_ISA_USAGE = YES_ERROR;
				CLANG_WARN_DOCUMENTATION_COMMENTS = YES;
				CLANG_WARN_EMPTY_BODY = YES;
				CLANG_WARN_ENUM_CONVERSION = YES;
				CLANG_WARN_INFINITE_RECURSION = YES;
				CLANG_WARN_INT_CONVERSION = YES;
				CLANG_WARN_NON_LITERAL_NULL_CONVERSION = YES;
				CLANG_WARN_OBJC_IMPLICIT_RETAIN_SELF = YES;
				CLANG_WARN_OBJC_LITERAL_CONVERSION = YES;
				CLANG_WARN_OBJC_ROOT_CLASS = YES_ERROR;
				CLANG_WARN_QUOTED_INCLUDE_IN_FRAMEWORK_HEADER = YES;
				CLANG_WARN_RANGE_LOOP_ANALYSIS = YES;
				CLANG_WARN_STRICT_PROTOTYPES = YES;
				CLANG_WARN_SUSPICIOUS_MOVE = YES;
				CLANG_WARN_UNGUARDED_AVAILABILITY = YES_AGGRESSIVE;
				CLANG_WARN_UNREACHABLE_CODE = YES;
				CLANG_WARN__DUPLICATE_METHOD_MATCH = YES;
				COPY_PHASE_STRIP = NO;
				DEBUG_INFORMATION_FORMAT = "dwarf-with-dsym";
				ENABLE_NS_ASSERTIONS = NO;
				ENABLE_STRICT_OBJC_MSGSEND = YES;
				GCC_C_LANGUAGE_STANDARD = gnu11;
				GCC_NO_COMMON_BLOCKS = YES;
				GCC_WARN_64_TO_32_BIT_CONVERSION = YES;
				GCC_WARN_ABOUT_RETURN_TYPE = YES_ERROR;
				GCC_WARN_UNDECLARED_SELECTOR = YES;
				GCC_WARN_UNINITIALIZED_AUTOS = YES_AGGRESSIVE;
				GCC_WARN_UNUSED_FUNCTION = YES;
				GCC_WARN_UNUSED_VARIABLE = YES;
				IPHONEOS_DEPLOYMENT_TARGET = 16.0;
				MTL_ENABLE_DEBUG_INFO = NO;
				MTL_FAST_MATH = YES;
				SDKROOT = iphoneos;
				SWIFT_COMPILATION_MODE = wholemodule;
				SWIFT_OPTIMIZATION_LEVEL = "-O";
				VALIDATE_PRODUCT = YES;
			};
			name = Release;
		};
		96223B4628D5514700DEC8FD /* Debug */ = {
			isa = XCBuildConfiguration;
			baseConfigurationReference = FE7342C7B1F199AC84CDA1C3 /* Pods-Flix.debug.xcconfig */;
			buildSettings = {
				ASSETCATALOG_COMPILER_APPICON_NAME = AppIcon;
				ASSETCATALOG_COMPILER_GLOBAL_ACCENT_COLOR_NAME = AccentColor;
				CLANG_ENABLE_MODULES = YES;
				CODE_SIGN_STYLE = Automatic;
				CURRENT_PROJECT_VERSION = 1;
				DEVELOPMENT_TEAM = SM3YH4Q938;
				GENERATE_INFOPLIST_FILE = YES;
				INFOPLIST_FILE = Flix/Info.plist;
				INFOPLIST_KEY_UIApplicationSupportsIndirectInputEvents = YES;
				INFOPLIST_KEY_UILaunchStoryboardName = LaunchScreen;
				INFOPLIST_KEY_UIMainStoryboardFile = Main;
				INFOPLIST_KEY_UISupportedInterfaceOrientations_iPad = "UIInterfaceOrientationPortrait UIInterfaceOrientationPortraitUpsideDown UIInterfaceOrientationLandscapeLeft UIInterfaceOrientationLandscapeRight";
				INFOPLIST_KEY_UISupportedInterfaceOrientations_iPhone = "UIInterfaceOrientationPortrait UIInterfaceOrientationLandscapeLeft UIInterfaceOrientationLandscapeRight";
				LD_RUNPATH_SEARCH_PATHS = (
					"$(inherited)",
					"@executable_path/Frameworks",
				);
				LIBRARY_SEARCH_PATHS = (
					"$(inherited)",
					"$(PROJECT_DIR)/Carthage/Build/iOS/Alamofire.framework",
				);
				MARKETING_VERSION = 1.0;
				PRODUCT_BUNDLE_IDENTIFIER = com.ssameen.Flix;
				PRODUCT_NAME = "$(TARGET_NAME)";
				SWIFT_EMIT_LOC_STRINGS = YES;
				SWIFT_OPTIMIZATION_LEVEL = "-Onone";
				SWIFT_VERSION = 5.0;
				TARGETED_DEVICE_FAMILY = "1,2";
			};
			name = Debug;
		};
		96223B4728D5514700DEC8FD /* Release */ = {
			isa = XCBuildConfiguration;
			baseConfigurationReference = 2E7D35E5F2EDF9CA1B406671 /* Pods-Flix.release.xcconfig */;
			buildSettings = {
				ASSETCATALOG_COMPILER_APPICON_NAME = AppIcon;
				ASSETCATALOG_COMPILER_GLOBAL_ACCENT_COLOR_NAME = AccentColor;
				CLANG_ENABLE_MODULES = YES;
				CODE_SIGN_STYLE = Automatic;
				CURRENT_PROJECT_VERSION = 1;
				DEVELOPMENT_TEAM = SM3YH4Q938;
				GENERATE_INFOPLIST_FILE = YES;
				INFOPLIST_FILE = Flix/Info.plist;
				INFOPLIST_KEY_UIApplicationSupportsIndirectInputEvents = YES;
				INFOPLIST_KEY_UILaunchStoryboardName = LaunchScreen;
				INFOPLIST_KEY_UIMainStoryboardFile = Main;
				INFOPLIST_KEY_UISupportedInterfaceOrientations_iPad = "UIInterfaceOrientationPortrait UIInterfaceOrientationPortraitUpsideDown UIInterfaceOrientationLandscapeLeft UIInterfaceOrientationLandscapeRight";
				INFOPLIST_KEY_UISupportedInterfaceOrientations_iPhone = "UIInterfaceOrientationPortrait UIInterfaceOrientationLandscapeLeft UIInterfaceOrientationLandscapeRight";
				LD_RUNPATH_SEARCH_PATHS = (
					"$(inherited)",
					"@executable_path/Frameworks",
				);
				LIBRARY_SEARCH_PATHS = (
					"$(inherited)",
					"$(PROJECT_DIR)/Carthage/Build/iOS/Alamofire.framework",
				);
				MARKETING_VERSION = 1.0;
				PRODUCT_BUNDLE_IDENTIFIER = com.ssameen.Flix;
				PRODUCT_NAME = "$(TARGET_NAME)";
				SWIFT_EMIT_LOC_STRINGS = YES;
				SWIFT_VERSION = 5.0;
				TARGETED_DEVICE_FAMILY = "1,2";
			};
			name = Release;
		};
		96223B4928D5514700DEC8FD /* Debug */ = {
			isa = XCBuildConfiguration;
			baseConfigurationReference = C39E1373915181BBD3FBBA00 /* Pods-FlixTests.debug.xcconfig */;
			buildSettings = {
				ALWAYS_EMBED_SWIFT_STANDARD_LIBRARIES = YES;
				BUNDLE_LOADER = "$(TEST_HOST)";
				CODE_SIGN_STYLE = Automatic;
				CURRENT_PROJECT_VERSION = 1;
				DEVELOPMENT_TEAM = SM3YH4Q938;
				GENERATE_INFOPLIST_FILE = YES;
				IPHONEOS_DEPLOYMENT_TARGET = 16.0;
				MARKETING_VERSION = 1.0;
				PRODUCT_BUNDLE_IDENTIFIER = com.ssameen.FlixTests;
				PRODUCT_NAME = "$(TARGET_NAME)";
				SWIFT_EMIT_LOC_STRINGS = NO;
				SWIFT_VERSION = 5.0;
				TARGETED_DEVICE_FAMILY = "1,2";
				TEST_HOST = "$(BUILT_PRODUCTS_DIR)/Flix.app/$(BUNDLE_EXECUTABLE_FOLDER_PATH)/Flix";
			};
			name = Debug;
		};
		96223B4A28D5514700DEC8FD /* Release */ = {
			isa = XCBuildConfiguration;
			baseConfigurationReference = B6386B308439550CFB809BA4 /* Pods-FlixTests.release.xcconfig */;
			buildSettings = {
				ALWAYS_EMBED_SWIFT_STANDARD_LIBRARIES = YES;
				BUNDLE_LOADER = "$(TEST_HOST)";
				CODE_SIGN_STYLE = Automatic;
				CURRENT_PROJECT_VERSION = 1;
				DEVELOPMENT_TEAM = SM3YH4Q938;
				GENERATE_INFOPLIST_FILE = YES;
				IPHONEOS_DEPLOYMENT_TARGET = 16.0;
				MARKETING_VERSION = 1.0;
				PRODUCT_BUNDLE_IDENTIFIER = com.ssameen.FlixTests;
				PRODUCT_NAME = "$(TARGET_NAME)";
				SWIFT_EMIT_LOC_STRINGS = NO;
				SWIFT_VERSION = 5.0;
				TARGETED_DEVICE_FAMILY = "1,2";
				TEST_HOST = "$(BUILT_PRODUCTS_DIR)/Flix.app/$(BUNDLE_EXECUTABLE_FOLDER_PATH)/Flix";
			};
			name = Release;
		};
		96223B4C28D5514700DEC8FD /* Debug */ = {
			isa = XCBuildConfiguration;
			baseConfigurationReference = 7F34C8D4D7C5742058FCC3B4 /* Pods-Flix-FlixUITests.debug.xcconfig */;
			buildSettings = {
				ALWAYS_EMBED_SWIFT_STANDARD_LIBRARIES = YES;
				CODE_SIGN_STYLE = Automatic;
				CURRENT_PROJECT_VERSION = 1;
				DEVELOPMENT_TEAM = SM3YH4Q938;
				GENERATE_INFOPLIST_FILE = YES;
				MARKETING_VERSION = 1.0;
				PRODUCT_BUNDLE_IDENTIFIER = com.ssameen.FlixUITests;
				PRODUCT_NAME = "$(TARGET_NAME)";
				SWIFT_EMIT_LOC_STRINGS = NO;
				SWIFT_VERSION = 5.0;
				TARGETED_DEVICE_FAMILY = "1,2";
				TEST_TARGET_NAME = Flix;
			};
			name = Debug;
		};
		96223B4D28D5514700DEC8FD /* Release */ = {
			isa = XCBuildConfiguration;
			baseConfigurationReference = 65938A4A3EEF5AFDE8FB7793 /* Pods-Flix-FlixUITests.release.xcconfig */;
			buildSettings = {
				ALWAYS_EMBED_SWIFT_STANDARD_LIBRARIES = YES;
				CODE_SIGN_STYLE = Automatic;
				CURRENT_PROJECT_VERSION = 1;
				DEVELOPMENT_TEAM = SM3YH4Q938;
				GENERATE_INFOPLIST_FILE = YES;
				MARKETING_VERSION = 1.0;
				PRODUCT_BUNDLE_IDENTIFIER = com.ssameen.FlixUITests;
				PRODUCT_NAME = "$(TARGET_NAME)";
				SWIFT_EMIT_LOC_STRINGS = NO;
				SWIFT_VERSION = 5.0;
				TARGETED_DEVICE_FAMILY = "1,2";
				TEST_TARGET_NAME = Flix;
			};
			name = Release;
		};
/* End XCBuildConfiguration section */

/* Begin XCConfigurationList section */
		96223B1628D5514600DEC8FD /* Build configuration list for PBXProject "Flix" */ = {
			isa = XCConfigurationList;
			buildConfigurations = (
				96223B4328D5514700DEC8FD /* Debug */,
				96223B4428D5514700DEC8FD /* Release */,
			);
			defaultConfigurationIsVisible = 0;
			defaultConfigurationName = Release;
		};
		96223B4528D5514700DEC8FD /* Build configuration list for PBXNativeTarget "Flix" */ = {
			isa = XCConfigurationList;
			buildConfigurations = (
				96223B4628D5514700DEC8FD /* Debug */,
				96223B4728D5514700DEC8FD /* Release */,
			);
			defaultConfigurationIsVisible = 0;
			defaultConfigurationName = Release;
		};
		96223B4828D5514700DEC8FD /* Build configuration list for PBXNativeTarget "FlixTests" */ = {
			isa = XCConfigurationList;
			buildConfigurations = (
				96223B4928D5514700DEC8FD /* Debug */,
				96223B4A28D5514700DEC8FD /* Release */,
			);
			defaultConfigurationIsVisible = 0;
			defaultConfigurationName = Release;
		};
		96223B4B28D5514700DEC8FD /* Build configuration list for PBXNativeTarget "FlixUITests" */ = {
			isa = XCConfigurationList;
			buildConfigurations = (
				96223B4C28D5514700DEC8FD /* Debug */,
				96223B4D28D5514700DEC8FD /* Release */,
			);
			defaultConfigurationIsVisible = 0;
			defaultConfigurationName = Release;
		};
/* End XCConfigurationList section */
	};
	rootObject = 96223B1328D5514600DEC8FD /* Project object */;
}
